
Microsoft Visual Studio Solution File, Format Version 12.00
# Visual Studio Version 16
VisualStudioVersion = 16.0.29418.71
MinimumVisualStudioVersion = 10.0.40219.1
Project("{FAE04EC0-301F-11D3-BF4B-00C04F79EFBC}") = "SpeechApp.Web", "SpeechApp.Web\SpeechApp.Web.csproj", "{A035FF3A-524C-438F-B488-010EDD21D8A8}"
EndProject
Project("{FAE04EC0-301F-11D3-BF4B-00C04F79EFBC}") = "SpeechApp.API", "SpeechApp.API\SpeechApp.API.csproj", "{5741A33E-35DB-400B-B483-DEB4FF8EC488}"
EndProject
Project("{E53339B2-1760-4266-BCC7-CA923CBCF16C}") = "docker-compose", "docker-compose.dcproj", "{80E092F5-3D2B-45F9-B8E0-65142B75083E}"
EndProject
Global
	GlobalSection(SolutionConfigurationPlatforms) = preSolution
		Debug|Any CPU = Debug|Any CPU
		Release|Any CPU = Release|Any CPU
	EndGlobalSection
	GlobalSection(ProjectConfigurationPlatforms) = postSolution
		{A035FF3A-524C-438F-B488-010EDD21D8A8}.Debug|Any CPU.ActiveCfg = Debug|Any CPU
		{A035FF3A-524C-438F-B488-010EDD21D8A8}.Debug|Any CPU.Build.0 = Debug|Any CPU
		{A035FF3A-524C-438F-B488-010EDD21D8A8}.Release|Any CPU.ActiveCfg = Release|Any CPU
		{A035FF3A-524C-438F-B488-010EDD21D8A8}.Release|Any CPU.Build.0 = Release|Any CPU
		{5741A33E-35DB-400B-B483-DEB4FF8EC488}.Debug|Any CPU.ActiveCfg = Debug|Any CPU
		{5741A33E-35DB-400B-B483-DEB4FF8EC488}.Debug|Any CPU.Build.0 = Debug|Any CPU
		{5741A33E-35DB-400B-B483-DEB4FF8EC488}.Release|Any CPU.ActiveCfg = Release|Any CPU
		{5741A33E-35DB-400B-B483-DEB4FF8EC488}.Release|Any CPU.Build.0 = Release|Any CPU
		{80E092F5-3D2B-45F9-B8E0-65142B75083E}.Debug|Any CPU.ActiveCfg = Debug|Any CPU
		{80E092F5-3D2B-45F9-B8E0-65142B75083E}.Debug|Any CPU.Build.0 = Debug|Any CPU
		{80E092F5-3D2B-45F9-B8E0-65142B75083E}.Release|Any CPU.ActiveCfg = Release|Any CPU
		{80E092F5-3D2B-45F9-B8E0-65142B75083E}.Release|Any CPU.Build.0 = Release|Any CPU
	EndGlobalSection
	GlobalSection(SolutionProperties) = preSolution
		HideSolutionNode = FALSE
	EndGlobalSection
	GlobalSection(ExtensibilityGlobals) = postSolution
		SolutionGuid = {DF9BD27F-9632-4BDA-9038-842D6CC4F2BF}
	EndGlobalSection
EndGlobal
